
Microsoft Visual Studio Solution File, Format Version 12.00
# Visual Studio Version 17
VisualStudioVersion = 17.2.32630.192
MinimumVisualStudioVersion = 10.0.40219.1
Project("{9A19103F-16F7-4668-BE54-9A1E7A4F7556}") = "SFTPDownloadWorkerDemo", "SFTPDownloadWorkerDemo\SFTPDownloadWorkerDemo.csproj", "{AF567C00-9861-4019-9B0B-D963A9410889}"
EndProject
Global
	GlobalSection(SolutionConfigurationPlatforms) = preSolution
		Debug|Any CPU = Debug|Any CPU
		Release|Any CPU = Release|Any CPU
	EndGlobalSection
	GlobalSection(ProjectConfigurationPlatforms) = postSolution
		{AF567C00-9861-4019-9B0B-D963A9410889}.Debug|Any CPU.ActiveCfg = Debug|Any CPU
		{AF567C00-9861-4019-9B0B-D963A9410889}.Debug|Any CPU.Build.0 = Debug|Any CPU
		{AF567C00-9861-4019-9B0B-D963A9410889}.Release|Any CPU.ActiveCfg = Release|Any CPU
		{AF567C00-9861-4019-9B0B-D963A9410889}.Release|Any CPU.Build.0 = Release|Any CPU
	EndGlobalSection
	GlobalSection(SolutionProperties) = preSolution
		HideSolutionNode = FALSE
	EndGlobalSection
	GlobalSection(ExtensibilityGlobals) = postSolution
		SolutionGuid = {FD53515E-0FEA-481F-82A3-770DC2088439}
	EndGlobalSection
EndGlobal
